
Microsoft Visual Studio Solution File, Format Version 9.00
# Visual Studio 2005
Project("{FAE04EC0-301F-11D3-BF4B-00C04F79EFBC}") = "Arp", "Arp.csproj", "{B52B07D9-4C0B-461C-B420-2E3050204502}"
EndProject
Project("{FAE04EC0-301F-11D3-BF4B-00C04F79EFBC}") = "TestFiles", "..\TestFiles\TestFiles.csproj", "{EE375EC6-CA7D-47C3-A3A7-807262FA493F}"
EndProject
Global
	GlobalSection(SolutionConfigurationPlatforms) = preSolution
		Debug|Any CPU = Debug|Any CPU
		Release|Any CPU = Release|Any CPU
	EndGlobalSection
	GlobalSection(ProjectConfigurationPlatforms) = postSolution
		{B52B07D9-4C0B-461C-B420-2E3050204502}.Debug|Any CPU.ActiveCfg = Debug|Any CPU
		{B52B07D9-4C0B-461C-B420-2E3050204502}.Debug|Any CPU.Build.0 = Debug|Any CPU
		{B52B07D9-4C0B-461C-B420-2E3050204502}.Release|Any CPU.ActiveCfg = Release|Any CPU
		{B52B07D9-4C0B-461C-B420-2E3050204502}.Release|Any CPU.Build.0 = Release|Any CPU
		{EE375EC6-CA7D-47C3-A3A7-807262FA493F}.Debug|Any CPU.ActiveCfg = Debug|Any CPU
		{EE375EC6-CA7D-47C3-A3A7-807262FA493F}.Debug|Any CPU.Build.0 = Debug|Any CPU
		{EE375EC6-CA7D-47C3-A3A7-807262FA493F}.Release|Any CPU.ActiveCfg = Release|Any CPU
		{EE375EC6-CA7D-47C3-A3A7-807262FA493F}.Release|Any CPU.Build.0 = Release|Any CPU
	EndGlobalSection
	GlobalSection(SolutionProperties) = preSolution
		HideSolutionNode = FALSE
	EndGlobalSection
EndGlobal
